// !$*UTF8*$!
{
	archiveVersion = 1;
	classes = {
	};
	objectVersion = 56;
	objects = {

/* Begin PBXBuildFile section */
		3F7B967F2950A7F00025E9A4 /* AppDelegate.swift in Sources */ = {isa = PBXBuildFile; fileRef = 3F7B967E2950A7F00025E9A4 /* AppDelegate.swift */; };
		3F7B96812950A7F00025E9A4 /* ViewController.swift in Sources */ = {isa = PBXBuildFile; fileRef = 3F7B96802950A7F00025E9A4 /* ViewController.swift */; };
		3F7B96832950A7F30025E9A4 /* Assets.xcassets in Resources */ = {isa = PBXBuildFile; fileRef = 3F7B96822950A7F30025E9A4 /* Assets.xcassets */; };
		3F7B96862950A7F30025E9A4 /* Main.storyboard in Resources */ = {isa = PBXBuildFile; fileRef = 3F7B96842950A7F30025E9A4 /* Main.storyboard */; };
		3F7B96912950A7F30025E9A4 /* Tomato_Timer_v_1Tests.swift in Sources */ = {isa = PBXBuildFile; fileRef = 3F7B96902950A7F30025E9A4 /* Tomato_Timer_v_1Tests.swift */; };
		3F7B969B2950A7F30025E9A4 /* Tomato_Timer_v_1UITests.swift in Sources */ = {isa = PBXBuildFile; fileRef = 3F7B969A2950A7F30025E9A4 /* Tomato_Timer_v_1UITests.swift */; };
		3F7B969D2950A7F30025E9A4 /* Tomato_Timer_v_1UITestsLaunchTests.swift in Sources */ = {isa = PBXBuildFile; fileRef = 3F7B969C2950A7F30025E9A4 /* Tomato_Timer_v_1UITestsLaunchTests.swift */; };
/* End PBXBuildFile section */

/* Begin PBXContainerItemProxy section */
		3F7B968D2950A7F30025E9A4 /* PBXContainerItemProxy */ = {
			isa = PBXContainerItemProxy;
			containerPortal = 3F7B96732950A7F00025E9A4 /* Project object */;
			proxyType = 1;
			remoteGlobalIDString = 3F7B967A2950A7F00025E9A4;
			remoteInfo = "Tomato Timer v.1";
		};
		3F7B96972950A7F30025E9A4 /* PBXContainerItemProxy */ = {
			isa = PBXContainerItemProxy;
			containerPortal = 3F7B96732950A7F00025E9A4 /* Project object */;
			proxyType = 1;
			remoteGlobalIDString = 3F7B967A2950A7F00025E9A4;
			remoteInfo = "Tomato Timer v.1";
		};
/* End PBXContainerItemProxy section */

/* Begin PBXFileReference section */
		3F7B967B2950A7F00025E9A4 /* Tomato Timer v.1.app */ = {isa = PBXFileReference; explicitFileType = wrapper.application; includeInIndex = 0; path = "Tomato Timer v.1.app"; sourceTree = BUILT_PRODUCTS_DIR; };
		3F7B967E2950A7F00025E9A4 /* AppDelegate.swift */ = {isa = PBXFileReference; lastKnownFileType = sourcecode.swift; path = AppDelegate.swift; sourceTree = "<group>"; };
		3F7B96802950A7F00025E9A4 /* ViewController.swift */ = {isa = PBXFileReference; lastKnownFileType = sourcecode.swift; path = ViewController.swift; sourceTree = "<group>"; };
		3F7B96822950A7F30025E9A4 /* Assets.xcassets */ = {isa = PBXFileReference; lastKnownFileType = folder.assetcatalog; path = Assets.xcassets; sourceTree = "<group>"; };
		3F7B96852950A7F30025E9A4 /* Base */ = {isa = PBXFileReference; lastKnownFileType = file.storyboard; name = Base; path = Base.lproj/Main.storyboard; sourceTree = "<group>"; };
		3F7B96872950A7F30025E9A4 /* Tomato_Timer_v_1.entitlements */ = {isa = PBXFileReference; lastKnownFileType = text.plist.entitlements; path = Tomato_Timer_v_1.entitlements; sourceTree = "<group>"; };
		3F7B968C2950A7F30025E9A4 /* Tomato Timer v.1Tests.xctest */ = {isa = PBXFileReference; explicitFileType = wrapper.cfbundle; includeInIndex = 0; path = "Tomato Timer v.1Tests.xctest"; sourceTree = BUILT_PRODUCTS_DIR; };
		3F7B96902950A7F30025E9A4 /* Tomato_Timer_v_1Tests.swift */ = {isa = PBXFileReference; lastKnownFileType = sourcecode.swift; path = Tomato_Timer_v_1Tests.swift; sourceTree = "<group>"; };
		3F7B96962950A7F30025E9A4 /* Tomato Timer v.1UITests.xctest */ = {isa = PBXFileReference; explicitFileType = wrapper.cfbundle; includeInIndex = 0; path = "Tomato Timer v.1UITests.xctest"; sourceTree = BUILT_PRODUCTS_DIR; };
		3F7B969A2950A7F30025E9A4 /* Tomato_Timer_v_1UITests.swift */ = {isa = PBXFileReference; lastKnownFileType = sourcecode.swift; path = Tomato_Timer_v_1UITests.swift; sourceTree = "<group>"; };
		3F7B969C2950A7F30025E9A4 /* Tomato_Timer_v_1UITestsLaunchTests.swift */ = {isa = PBXFileReference; lastKnownFileType = sourcecode.swift; path = Tomato_Timer_v_1UITestsLaunchTests.swift; sourceTree = "<group>"; };
/* End PBXFileReference section */

/* Begin PBXFrameworksBuildPhase section */
		3F7B96782950A7F00025E9A4 /* Frameworks */ = {
			isa = PBXFrameworksBuildPhase;
			buildActionMask = 2147483647;
			files = (
			);
			runOnlyForDeploymentPostprocessing = 0;
		};
		3F7B96892950A7F30025E9A4 /* Frameworks */ = {
			isa = PBXFrameworksBuildPhase;
			buildActionMask = 2147483647;
			files = (
			);
			runOnlyForDeploymentPostprocessing = 0;
		};
		3F7B96932950A7F30025E9A4 /* Frameworks */ = {
			isa = PBXFrameworksBuildPhase;
			buildActionMask = 2147483647;
			files = (
			);
			runOnlyForDeploymentPostprocessing = 0;
		};
/* End PBXFrameworksBuildPhase section */

/* Begin PBXGroup section */
		3F7B96722950A7F00025E9A4 = {
			isa = PBXGroup;
			children = (
				3F7B967D2950A7F00025E9A4 /* Tomato Timer v.1 */,
				3F7B968F2950A7F30025E9A4 /* Tomato Timer v.1Tests */,
				3F7B96992950A7F30025E9A4 /* Tomato Timer v.1UITests */,
				3F7B967C2950A7F00025E9A4 /* Products */,
			);
			sourceTree = "<group>";
		};
		3F7B967C2950A7F00025E9A4 /* Products */ = {
			isa = PBXGroup;
			children = (
				3F7B967B2950A7F00025E9A4 /* Tomato Timer v.1.app */,
				3F7B968C2950A7F30025E9A4 /* Tomato Timer v.1Tests.xctest */,
				3F7B96962950A7F30025E9A4 /* Tomato Timer v.1UITests.xctest */,
			);
			name = Products;
			sourceTree = "<group>";
		};
		3F7B967D2950A7F00025E9A4 /* Tomato Timer v.1 */ = {
			isa = PBXGroup;
			children = (
				3F7B967E2950A7F00025E9A4 /* AppDelegate.swift */,
				3F7B96802950A7F00025E9A4 /* ViewController.swift */,
				3F7B96822950A7F30025E9A4 /* Assets.xcassets */,
				3F7B96842950A7F30025E9A4 /* Main.storyboard */,
				3F7B96872950A7F30025E9A4 /* Tomato_Timer_v_1.entitlements */,
			);
			path = "Tomato Timer v.1";
			sourceTree = "<group>";
		};
		3F7B968F2950A7F30025E9A4 /* Tomato Timer v.1Tests */ = {
			isa = PBXGroup;
			children = (
				3F7B96902950A7F30025E9A4 /* Tomato_Timer_v_1Tests.swift */,
			);
			path = "Tomato Timer v.1Tests";
			sourceTree = "<group>";
		};
		3F7B96992950A7F30025E9A4 /* Tomato Timer v.1UITests */ = {
			isa = PBXGroup;
			children = (
				3F7B969A2950A7F30025E9A4 /* Tomato_Timer_v_1UITests.swift */,
				3F7B969C2950A7F30025E9A4 /* Tomato_Timer_v_1UITestsLaunchTests.swift */,
			);
			path = "Tomato Timer v.1UITests";
			sourceTree = "<group>";
		};
/* End PBXGroup section */

/* Begin PBXNativeTarget section */
		3F7B967A2950A7F00025E9A4 /* Tomato Timer v.1 */ = {
			isa = PBXNativeTarget;
			buildConfigurationList = 3F7B96A02950A7F30025E9A4 /* Build configuration list for PBXNativeTarget "Tomato Timer v.1" */;
			buildPhases = (
				3F7B96772950A7F00025E9A4 /* Sources */,
				3F7B96782950A7F00025E9A4 /* Frameworks */,
				3F7B96792950A7F00025E9A4 /* Resources */,
			);
			buildRules = (
			);
			dependencies = (
			);
			name = "Tomato Timer v.1";
			productName = "Tomato Timer v.1";
			productReference = 3F7B967B2950A7F00025E9A4 /* Tomato Timer v.1.app */;
			productType = "com.apple.product-type.application";
		};
		3F7B968B2950A7F30025E9A4 /* Tomato Timer v.1Tests */ = {
			isa = PBXNativeTarget;
			buildConfigurationList = 3F7B96A32950A7F30025E9A4 /* Build configuration list for PBXNativeTarget "Tomato Timer v.1Tests" */;
			buildPhases = (
				3F7B96882950A7F30025E9A4 /* Sources */,
				3F7B96892950A7F30025E9A4 /* Frameworks */,
				3F7B968A2950A7F30025E9A4 /* Resources */,
			);
			buildRules = (
			);
			dependencies = (
				3F7B968E2950A7F30025E9A4 /* PBXTargetDependency */,
			);
			name = "Tomato Timer v.1Tests";
			productName = "Tomato Timer v.1Tests";
			productReference = 3F7B968C2950A7F30025E9A4 /* Tomato Timer v.1Tests.xctest */;
			productType = "com.apple.product-type.bundle.unit-test";
		};
		3F7B96952950A7F30025E9A4 /* Tomato Timer v.1UITests */ = {
			isa = PBXNativeTarget;
			buildConfigurationList = 3F7B96A62950A7F30025E9A4 /* Build configuration list for PBXNativeTarget "Tomato Timer v.1UITests" */;
			buildPhases = (
				3F7B96922950A7F30025E9A4 /* Sources */,
				3F7B96932950A7F30025E9A4 /* Frameworks */,
				3F7B96942950A7F30025E9A4 /* Resources */,
			);
			buildRules = (
			);
			dependencies = (
				3F7B96982950A7F30025E9A4 /* PBXTargetDependency */,
			);
			name = "Tomato Timer v.1UITests";
			productName = "Tomato Timer v.1UITests";
			productReference = 3F7B96962950A7F30025E9A4 /* Tomato Timer v.1UITests.xctest */;
			productType = "com.apple.product-type.bundle.ui-testing";
		};
/* End PBXNativeTarget section */

/* Begin PBXProject section */
		3F7B96732950A7F00025E9A4 /* Project object */ = {
			isa = PBXProject;
			attributes = {
				BuildIndependentTargetsInParallel = 1;
				LastSwiftUpdateCheck = 1420;
				LastUpgradeCheck = 1420;
				TargetAttributes = {
					3F7B967A2950A7F00025E9A4 = {
						CreatedOnToolsVersion = 14.2;
					};
					3F7B968B2950A7F30025E9A4 = {
						CreatedOnToolsVersion = 14.2;
						TestTargetID = 3F7B967A2950A7F00025E9A4;
					};
					3F7B96952950A7F30025E9A4 = {
						CreatedOnToolsVersion = 14.2;
						TestTargetID = 3F7B967A2950A7F00025E9A4;
					};
				};
			};
			buildConfigurationList = 3F7B96762950A7F00025E9A4 /* Build configuration list for PBXProject "Tomato Timer v.1" */;
			compatibilityVersion = "Xcode 14.0";
			developmentRegion = en;
			hasScannedForEncodings = 0;
			knownRegions = (
				en,
				Base,
			);
			mainGroup = 3F7B96722950A7F00025E9A4;
			productRefGroup = 3F7B967C2950A7F00025E9A4 /* Products */;
			projectDirPath = "";
			projectRoot = "";
			targets = (
				3F7B967A2950A7F00025E9A4 /* Tomato Timer v.1 */,
				3F7B968B2950A7F30025E9A4 /* Tomato Timer v.1Tests */,
				3F7B96952950A7F30025E9A4 /* Tomato Timer v.1UITests */,
			);
		};
/* End PBXProject section */

/* Begin PBXResourcesBuildPhase section */
		3F7B96792950A7F00025E9A4 /* Resources */ = {
			isa = PBXResourcesBuildPhase;
			buildActionMask = 2147483647;
			files = (
				3F7B96832950A7F30025E9A4 /* Assets.xcassets in Resources */,
				3F7B96862950A7F30025E9A4 /* Main.storyboard in Resources */,
			);
			runOnlyForDeploymentPostprocessing = 0;
		};
		3F7B968A2950A7F30025E9A4 /* Resources */ = {
			isa = PBXResourcesBuildPhase;
			buildActionMask = 2147483647;
			files = (
			);
			runOnlyForDeploymentPostprocessing = 0;
		};
		3F7B96942950A7F30025E9A4 /* Resources */ = {
			isa = PBXResourcesBuildPhase;
			buildActionMask = 2147483647;
			files = (
			);
			runOnlyForDeploymentPostprocessing = 0;
		};
/* End PBXResourcesBuildPhase section */

/* Begin PBXSourcesBuildPhase section */
		3F7B96772950A7F00025E9A4 /* Sources */ = {
			isa = PBXSourcesBuildPhase;
			buildActionMask = 2147483647;
			files = (
				3F7B96812950A7F00025E9A4 /* ViewController.swift in Sources */,
				3F7B967F2950A7F00025E9A4 /* AppDelegate.swift in Sources */,
			);
			runOnlyForDeploymentPostprocessing = 0;
		};
		3F7B96882950A7F30025E9A4 /* Sources */ = {
			isa = PBXSourcesBuildPhase;
			buildActionMask = 2147483647;
			files = (
				3F7B96912950A7F30025E9A4 /* Tomato_Timer_v_1Tests.swift in Sources */,
			);
			runOnlyForDeploymentPostprocessing = 0;
		};
		3F7B96922950A7F30025E9A4 /* Sources */ = {
			isa = PBXSourcesBuildPhase;
			buildActionMask = 2147483647;
			files = (
				3F7B969B2950A7F30025E9A4 /* Tomato_Timer_v_1UITests.swift in Sources */,
				3F7B969D2950A7F30025E9A4 /* Tomato_Timer_v_1UITestsLaunchTests.swift in Sources */,
			);
			runOnlyForDeploymentPostprocessing = 0;
		};
/* End PBXSourcesBuildPhase section */

/* Begin PBXTargetDependency section */
		3F7B968E2950A7F30025E9A4 /* PBXTargetDependency */ = {
			isa = PBXTargetDependency;
			target = 3F7B967A2950A7F00025E9A4 /* Tomato Timer v.1 */;
			targetProxy = 3F7B968D2950A7F30025E9A4 /* PBXContainerItemProxy */;
		};
		3F7B96982950A7F30025E9A4 /* PBXTargetDependency */ = {
			isa = PBXTargetDependency;
			target = 3F7B967A2950A7F00025E9A4 /* Tomato Timer v.1 */;
			targetProxy = 3F7B96972950A7F30025E9A4 /* PBXContainerItemProxy */;
		};
/* End PBXTargetDependency section */

/* Begin PBXVariantGroup section */
		3F7B96842950A7F30025E9A4 /* Main.storyboard */ = {
			isa = PBXVariantGroup;
			children = (
				3F7B96852950A7F30025E9A4 /* Base */,
			);
			name = Main.storyboard;
			sourceTree = "<group>";
		};
/* End PBXVariantGroup section */

/* Begin XCBuildConfiguration section */
		3F7B969E2950A7F30025E9A4 /* Debug */ = {
			isa = XCBuildConfiguration;
			buildSettings = {
				ALWAYS_SEARCH_USER_PATHS = NO;
				CLANG_ANALYZER_NONNULL = YES;
				CLANG_ANALYZER_NUMBER_OBJECT_CONVERSION = YES_AGGRESSIVE;
				CLANG_CXX_LANGUAGE_STANDARD = "gnu++20";
				CLANG_ENABLE_MODULES = YES;
				CLANG_ENABLE_OBJC_ARC = YES;
				CLANG_ENABLE_OBJC_WEAK = YES;
				CLANG_WARN_BLOCK_CAPTURE_AUTORELEASING = YES;
				CLANG_WARN_BOOL_CONVERSION = YES;
				CLANG_WARN_COMMA = YES;
				CLANG_WARN_CONSTANT_CONVERSION = YES;
				CLANG_WARN_DEPRECATED_OBJC_IMPLEMENTATIONS = YES;
				CLANG_WARN_DIRECT_OBJC_ISA_USAGE = YES_ERROR;
				CLANG_WARN_DOCUMENTATION_COMMENTS = YES;
				CLANG_WARN_EMPTY_BODY = YES;
				CLANG_WARN_ENUM_CONVERSION = YES;
				CLANG_WARN_INFINITE_RECURSION = YES;
				CLANG_WARN_INT_CONVERSION = YES;
				CLANG_WARN_NON_LITERAL_NULL_CONVERSION = YES;
				CLANG_WARN_OBJC_IMPLICIT_RETAIN_SELF = YES;
				CLANG_WARN_OBJC_LITERAL_CONVERSION = YES;
				CLANG_WARN_OBJC_ROOT_CLASS = YES_ERROR;
				CLANG_WARN_QUOTED_INCLUDE_IN_FRAMEWORK_HEADER = YES;
				CLANG_WARN_RANGE_LOOP_ANALYSIS = YES;
				CLANG_WARN_STRICT_PROTOTYPES = YES;
				CLANG_WARN_SUSPICIOUS_MOVE = YES;
				CLANG_WARN_UNGUARDED_AVAILABILITY = YES_AGGRESSIVE;
				CLANG_WARN_UNREACHABLE_CODE = YES;
				CLANG_WARN__DUPLICATE_METHOD_MATCH = YES;
				COPY_PHASE_STRIP = NO;
				DEBUG_INFORMATION_FORMAT = dwarf;
				ENABLE_STRICT_OBJC_MSGSEND = YES;
				ENABLE_TESTABILITY = YES;
				GCC_C_LANGUAGE_STANDARD = gnu11;
				GCC_DYNAMIC_NO_PIC = NO;
				GCC_NO_COMMON_BLOCKS = YES;
				GCC_OPTIMIZATION_LEVEL = 0;
				GCC_PREPROCESSOR_DEFINITIONS = (
					"DEBUG=1",
					"$(inherited)",
				);
				GCC_WARN_64_TO_32_BIT_CONVERSION = YES;
				GCC_WARN_ABOUT_RETURN_TYPE = YES_ERROR;
				GCC_WARN_UNDECLARED_SELECTOR = YES;
				GCC_WARN_UNINITIALIZED_AUTOS = YES_AGGRESSIVE;
				GCC_WARN_UNUSED_FUNCTION = YES;
				GCC_WARN_UNUSED_VARIABLE = YES;
				MACOSX_DEPLOYMENT_TARGET = 13.0;
				MTL_ENABLE_DEBUG_INFO = INCLUDE_SOURCE;
				MTL_FAST_MATH = YES;
				ONLY_ACTIVE_ARCH = YES;
				SDKROOT = macosx;
				SWIFT_ACTIVE_COMPILATION_CONDITIONS = DEBUG;
				SWIFT_OPTIMIZATION_LEVEL = "-Onone";
			};
			name = Debug;
		};
		3F7B969F2950A7F30025E9A4 /* Release */ = {
			isa = XCBuildConfiguration;
			buildSettings = {
				ALWAYS_SEARCH_USER_PATHS = NO;
				CLANG_ANALYZER_NONNULL = YES;
				CLANG_ANALYZER_NUMBER_OBJECT_CONVERSION = YES_AGGRESSIVE;
				CLANG_CXX_LANGUAGE_STANDARD = "gnu++20";
				CLANG_ENABLE_MODULES = YES;
				CLANG_ENABLE_OBJC_ARC = YES;
				CLANG_ENABLE_OBJC_WEAK = YES;
				CLANG_WARN_BLOCK_CAPTURE_AUTORELEASING = YES;
				CLANG_WARN_BOOL_CONVERSION = YES;
				CLANG_WARN_COMMA = YES;
				CLANG_WARN_CONSTANT_CONVERSION = YES;
				CLANG_WARN_DEPRECATED_OBJC_IMPLEMENTATIONS = YES;
				CLANG_WARN_DIRECT_OBJC_ISA_USAGE = YES_ERROR;
				CLANG_WARN_DOCUMENTATION_COMMENTS = YES;
				CLANG_WARN_EMPTY_BODY = YES;
				CLANG_WARN_ENUM_CONVERSION = YES;
				CLANG_WARN_INFINITE_RECURSION = YES;
				CLANG_WARN_INT_CONVERSION = YES;
				CLANG_WARN_NON_LITERAL_NULL_CONVERSION = YES;
				CLANG_WARN_OBJC_IMPLICIT_RETAIN_SELF = YES;
				CLANG_WARN_OBJC_LITERAL_CONVERSION = YES;
				CLANG_WARN_OBJC_ROOT_CLASS = YES_ERROR;
				CLANG_WARN_QUOTED_INCLUDE_IN_FRAMEWORK_HEADER = YES;
				CLANG_WARN_RANGE_LOOP_ANALYSIS = YES;
				CLANG_WARN_STRICT_PROTOTYPES = YES;
				CLANG_WARN_SUSPICIOUS_MOVE = YES;
				CLANG_WARN_UNGUARDED_AVAILABILITY = YES_AGGRESSIVE;
				CLANG_WARN_UNREACHABLE_CODE = YES;
				CLANG_WARN__DUPLICATE_METHOD_MATCH = YES;
				COPY_PHASE_STRIP = NO;
				DEBUG_INFORMATION_FORMAT = "dwarf-with-dsym";
				ENABLE_NS_ASSERTIONS = NO;
				ENABLE_STRICT_OBJC_MSGSEND = YES;
				GCC_C_LANGUAGE_STANDARD = gnu11;
				GCC_NO_COMMON_BLOCKS = YES;
				GCC_WARN_64_TO_32_BIT_CONVERSION = YES;
				GCC_WARN_ABOUT_RETURN_TYPE = YES_ERROR;
				GCC_WARN_UNDECLARED_SELECTOR = YES;
				GCC_WARN_UNINITIALIZED_AUTOS = YES_AGGRESSIVE;
				GCC_WARN_UNUSED_FUNCTION = YES;
				GCC_WARN_UNUSED_VARIABLE = YES;
				MACOSX_DEPLOYMENT_TARGET = 13.0;
				MTL_ENABLE_DEBUG_INFO = NO;
				MTL_FAST_MATH = YES;
				SDKROOT = macosx;
				SWIFT_COMPILATION_MODE = wholemodule;
				SWIFT_OPTIMIZATION_LEVEL = "-O";
			};
			name = Release;
		};
		3F7B96A12950A7F30025E9A4 /* Debug */ = {
			isa = XCBuildConfiguration;
			buildSettings = {
				ASSETCATALOG_COMPILER_APPICON_NAME = AppIcon;
				ASSETCATALOG_COMPILER_GLOBAL_ACCENT_COLOR_NAME = AccentColor;
				CODE_SIGN_ENTITLEMENTS = "Tomato Timer v.1/Tomato_Timer_v_1.entitlements";
				CODE_SIGN_STYLE = Automatic;
				COMBINE_HIDPI_IMAGES = YES;
				CURRENT_PROJECT_VERSION = 1;
				DEVELOPMENT_TEAM = 9W9M3JPL7S;
				ENABLE_HARDENED_RUNTIME = YES;
				GENERATE_INFOPLIST_FILE = YES;
				INFOPLIST_KEY_NSHumanReadableCopyright = "";
				INFOPLIST_KEY_NSMainStoryboardFile = Main;
				INFOPLIST_KEY_NSPrincipalClass = NSApplication;
				LD_RUNPATH_SEARCH_PATHS = (
					"$(inherited)",
					"@executable_path/../Frameworks",
				);
				MARKETING_VERSION = 1.0;
				PRODUCT_BUNDLE_IDENTIFIER = "Aamer-Essa.Tomato-Timer-v-1";
				PRODUCT_NAME = "$(TARGET_NAME)";
				SWIFT_EMIT_LOC_STRINGS = YES;
				SWIFT_VERSION = 5.0;
			};
			name = Debug;
		};
		3F7B96A22950A7F30025E9A4 /* Release */ = {
			isa = XCBuildConfiguration;
			buildSettings = {
				ASSETCATALOG_COMPILER_APPICON_NAME = AppIcon;
				ASSETCATALOG_COMPILER_GLOBAL_ACCENT_COLOR_NAME = AccentColor;
				CODE_SIGN_ENTITLEMENTS = "Tomato Timer v.1/Tomato_Timer_v_1.entitlements";
				CODE_SIGN_STYLE = Automatic;
				COMBINE_HIDPI_IMAGES = YES;
				CURRENT_PROJECT_VERSION = 1;
				DEVELOPMENT_TEAM = 9W9M3JPL7S;
				ENABLE_HARDENED_RUNTIME = YES;
				GENERATE_INFOPLIST_FILE = YES;
				INFOPLIST_KEY_NSHumanReadableCopyright = "";
				INFOPLIST_KEY_NSMainStoryboardFile = Main;
				INFOPLIST_KEY_NSPrincipalClass = NSApplication;
				LD_RUNPATH_SEARCH_PATHS = (
					"$(inherited)",
					"@executable_path/../Frameworks",
				);
				MARKETING_VERSION = 1.0;
				PRODUCT_BUNDLE_IDENTIFIER = "Aamer-Essa.Tomato-Timer-v-1";
				PRODUCT_NAME = "$(TARGET_NAME)";
				SWIFT_EMIT_LOC_STRINGS = YES;
				SWIFT_VERSION = 5.0;
			};
			name = Release;
		};
		3F7B96A42950A7F30025E9A4 /* Debug */ = {
			isa = XCBuildConfiguration;
			buildSettings = {
				ALWAYS_EMBED_SWIFT_STANDARD_LIBRARIES = YES;
				BUNDLE_LOADER = "$(TEST_HOST)";
				CODE_SIGN_STYLE = Automatic;
				CURRENT_PROJECT_VERSION = 1;
				DEVELOPMENT_TEAM = 9W9M3JPL7S;
				GENERATE_INFOPLIST_FILE = YES;
				MACOSX_DEPLOYMENT_TARGET = 13.0;
				MARKETING_VERSION = 1.0;
				PRODUCT_BUNDLE_IDENTIFIER = "Aamer-Essa.Tomato-Timer-v-1Tests";
				PRODUCT_NAME = "$(TARGET_NAME)";
				SWIFT_EMIT_LOC_STRINGS = NO;
				SWIFT_VERSION = 5.0;
				TEST_HOST = "$(BUILT_PRODUCTS_DIR)/Tomato Timer v.1.app/$(BUNDLE_EXECUTABLE_FOLDER_PATH)/Tomato Timer v.1";
			};
			name = Debug;
		};
		3F7B96A52950A7F30025E9A4 /* Release */ = {
			isa = XCBuildConfiguration;
			buildSettings = {
				ALWAYS_EMBED_SWIFT_STANDARD_LIBRARIES = YES;
				BUNDLE_LOADER = "$(TEST_HOST)";
				CODE_SIGN_STYLE = Automatic;
				CURRENT_PROJECT_VERSION = 1;
				DEVELOPMENT_TEAM = 9W9M3JPL7S;
				GENERATE_INFOPLIST_FILE = YES;
				MACOSX_DEPLOYMENT_TARGET = 13.0;
				MARKETING_VERSION = 1.0;
				PRODUCT_BUNDLE_IDENTIFIER = "Aamer-Essa.Tomato-Timer-v-1Tests";
				PRODUCT_NAME = "$(TARGET_NAME)";
				SWIFT_EMIT_LOC_STRINGS = NO;
				SWIFT_VERSION = 5.0;
				TEST_HOST = "$(BUILT_PRODUCTS_DIR)/Tomato Timer v.1.app/$(BUNDLE_EXECUTABLE_FOLDER_PATH)/Tomato Timer v.1";
			};
			name = Release;
		};
		3F7B96A72950A7F30025E9A4 /* Debug */ = {
			isa = XCBuildConfiguration;
			buildSettings = {
				ALWAYS_EMBED_SWIFT_STANDARD_LIBRARIES = YES;
				CODE_SIGN_STYLE = Automatic;
				CURRENT_PROJECT_VERSION = 1;
				DEVELOPMENT_TEAM = 9W9M3JPL7S;
				GENERATE_INFOPLIST_FILE = YES;
				MARKETING_VERSION = 1.0;
				PRODUCT_BUNDLE_IDENTIFIER = "Aamer-Essa.Tomato-Timer-v-1UITests";
				PRODUCT_NAME = "$(TARGET_NAME)";
				SWIFT_EMIT_LOC_STRINGS = NO;
				SWIFT_VERSION = 5.0;
				TEST_TARGET_NAME = "Tomato Timer v.1";
			};
			name = Debug;
		};
		3F7B96A82950A7F30025E9A4 /* Release */ = {
			isa = XCBuildConfiguration;
			buildSettings = {
				ALWAYS_EMBED_SWIFT_STANDARD_LIBRARIES = YES;
				CODE_SIGN_STYLE = Automatic;
				CURRENT_PROJECT_VERSION = 1;
				DEVELOPMENT_TEAM = 9W9M3JPL7S;
				GENERATE_INFOPLIST_FILE = YES;
				MARKETING_VERSION = 1.0;
				PRODUCT_BUNDLE_IDENTIFIER = "Aamer-Essa.Tomato-Timer-v-1UITests";
				PRODUCT_NAME = "$(TARGET_NAME)";
				SWIFT_EMIT_LOC_STRINGS = NO;
				SWIFT_VERSION = 5.0;
				TEST_TARGET_NAME = "Tomato Timer v.1";
			};
			name = Release;
		};
/* End XCBuildConfiguration section */

/* Begin XCConfigurationList section */
		3F7B96762950A7F00025E9A4 /* Build configuration list for PBXProject "Tomato Timer v.1" */ = {
			isa = XCConfigurationList;
			buildConfigurations = (
				3F7B969E2950A7F30025E9A4 /* Debug */,
				3F7B969F2950A7F30025E9A4 /* Release */,
			);
			defaultConfigurationIsVisible = 0;
			defaultConfigurationName = Release;
		};
		3F7B96A02950A7F30025E9A4 /* Build configuration list for PBXNativeTarget "Tomato Timer v.1" */ = {
			isa = XCConfigurationList;
			buildConfigurations = (
				3F7B96A12950A7F30025E9A4 /* Debug */,
				3F7B96A22950A7F30025E9A4 /* Release */,
			);
			defaultConfigurationIsVisible = 0;
			defaultConfigurationName = Release;
		};
		3F7B96A32950A7F30025E9A4 /* Build configuration list for PBXNativeTarget "Tomato Timer v.1Tests" */ = {
			isa = XCConfigurationList;
			buildConfigurations = (
				3F7B96A42950A7F30025E9A4 /* Debug */,
				3F7B96A52950A7F30025E9A4 /* Release */,
			);
			defaultConfigurationIsVisible = 0;
			defaultConfigurationName = Release;
		};
		3F7B96A62950A7F30025E9A4 /* Build configuration list for PBXNativeTarget "Tomato Timer v.1UITests" */ = {
			isa = XCConfigurationList;
			buildConfigurations = (
				3F7B96A72950A7F30025E9A4 /* Debug */,
				3F7B96A82950A7F30025E9A4 /* Release */,
			);
			defaultConfigurationIsVisible = 0;
			defaultConfigurationName = Release;
		};
/* End XCConfigurationList section */
	};
	rootObject = 3F7B96732950A7F00025E9A4 /* Project object */;
}
